
Microsoft Visual Studio Solution File, Format Version 12.00
# Visual Studio Version 17
VisualStudioVersion = 17.14.36221.1
MinimumVisualStudioVersion = 10.0.40219.1
Project("{FAE04EC0-301F-11D3-BF4B-00C04F79EFBC}") = "PICPS Laser Control", "PICPS Laser Control\PICPS Laser Control.csproj", "{887EC18A-46F7-4767-BEDD-D63D90275069}"
EndProject
Project("{2150E333-8FDC-42A3-9474-1A3956D46DE8}") = "Solution Items", "Solution Items", "{8EC462FD-D22E-90A8-E5CE-7E832BA40C5D}"
EndProject
Global
	GlobalSection(SolutionConfigurationPlatforms) = preSolution
		Debug|Any CPU = Debug|Any CPU
		Debug|x64 = Debug|x64
		Release|Any CPU = Release|Any CPU
		Release|x64 = Release|x64
	EndGlobalSection
	GlobalSection(ProjectConfigurationPlatforms) = postSolution
		{887EC18A-46F7-4767-BEDD-D63D90275069}.Debug|Any CPU.ActiveCfg = Debug|Any CPU
		{887EC18A-46F7-4767-BEDD-D63D90275069}.Debug|Any CPU.Build.0 = Debug|Any CPU
		{887EC18A-46F7-4767-BEDD-D63D90275069}.Debug|x64.ActiveCfg = Debug|x64
		{887EC18A-46F7-4767-BEDD-D63D90275069}.Debug|x64.Build.0 = Debug|x64
		{887EC18A-46F7-4767-BEDD-D63D90275069}.Release|Any CPU.ActiveCfg = Release|Any CPU
		{887EC18A-46F7-4767-BEDD-D63D90275069}.Release|Any CPU.Build.0 = Release|Any CPU
		{887EC18A-46F7-4767-BEDD-D63D90275069}.Release|x64.ActiveCfg = Release|x64
		{887EC18A-46F7-4767-BEDD-D63D90275069}.Release|x64.Build.0 = Release|x64
	EndGlobalSection
	GlobalSection(SolutionProperties) = preSolution
		HideSolutionNode = FALSE
	EndGlobalSection
	GlobalSection(ExtensibilityGlobals) = postSolution
		SolutionGuid = {82F42DC6-85F4-45CB-A18D-F3FC4B0DD998}
	EndGlobalSection
EndGlobal
